
Microsoft Visual Studio Solution File, Format Version 12.00
# Visual Studio Version 17
VisualStudioVersion = 17.7.34009.444
MinimumVisualStudioVersion = 10.0.40219.1
Project("{2150E333-8FDC-42A3-9474-1A3956D46DE8}") = "ApiConsume", "ApiConsume", "{EBB1668E-6843-412E-BDBB-DF00AA57D792}"
EndProject
Project("{2150E333-8FDC-42A3-9474-1A3956D46DE8}") = "Frontend", "Frontend", "{228E9922-13B8-4189-95DA-FA924C1BC83D}"
EndProject
Project("{2150E333-8FDC-42A3-9474-1A3956D46DE8}") = "ToDoList", "ToDoList", "{90E5A758-315A-4D89-9FEB-D5393E53A965}"
EndProject
Project("{FAE04EC0-301F-11D3-BF4B-00C04F79EFBC}") = "HotelProject.WebApi", "ApiConsume\HotelProject.WebApi\HotelProject.WebApi.csproj", "{45DBC3C4-6B79-499E-9758-692405A99ED9}"
EndProject
Project("{FAE04EC0-301F-11D3-BF4B-00C04F79EFBC}") = "HotelProject.EntityLayer", "ApiConsume\HotelProject.EntityLayer\HotelProject.EntityLayer.csproj", "{4C684977-5842-40BD-BF6F-182117219756}"
EndProject
Project("{FAE04EC0-301F-11D3-BF4B-00C04F79EFBC}") = "HotelProject.DataAccessLayer", "ApiConsume\HotelProject.DataAccessLayer\HotelProject.DataAccessLayer.csproj", "{257766FC-390F-46C1-B06B-B03BBB476CC6}"
EndProject
Project("{FAE04EC0-301F-11D3-BF4B-00C04F79EFBC}") = "HotelProject.BusinessLayer", "ApiConsume\HotelProject.BusinessLayer\HotelProject.BusinessLayer.csproj", "{C30EE3ED-3D89-4F62-9ECF-40F609677633}"
EndProject
Project("{FAE04EC0-301F-11D3-BF4B-00C04F79EFBC}") = "HotelProject.DtoLayer", "ApiConsume\HotelProject.DtoLayer\HotelProject.DtoLayer.csproj", "{7E92B46F-D4DB-44A7-8EA1-C968641636F2}"
EndProject
Project("{FAE04EC0-301F-11D3-BF4B-00C04F79EFBC}") = "HotelProject.WebUI", "Frontend\HotelProject.WebUI\HotelProject.WebUI.csproj", "{20BB27CA-C1C3-4F39-9E3C-08DCB6D6FB91}"
EndProject
Global
	GlobalSection(SolutionConfigurationPlatforms) = preSolution
		Debug|Any CPU = Debug|Any CPU
		Release|Any CPU = Release|Any CPU
	EndGlobalSection
	GlobalSection(ProjectConfigurationPlatforms) = postSolution
		{45DBC3C4-6B79-499E-9758-692405A99ED9}.Debug|Any CPU.ActiveCfg = Debug|Any CPU
		{45DBC3C4-6B79-499E-9758-692405A99ED9}.Debug|Any CPU.Build.0 = Debug|Any CPU
		{45DBC3C4-6B79-499E-9758-692405A99ED9}.Release|Any CPU.ActiveCfg = Release|Any CPU
		{45DBC3C4-6B79-499E-9758-692405A99ED9}.Release|Any CPU.Build.0 = Release|Any CPU
		{4C684977-5842-40BD-BF6F-182117219756}.Debug|Any CPU.ActiveCfg = Debug|Any CPU
		{4C684977-5842-40BD-BF6F-182117219756}.Debug|Any CPU.Build.0 = Debug|Any CPU
		{4C684977-5842-40BD-BF6F-182117219756}.Release|Any CPU.ActiveCfg = Release|Any CPU
		{4C684977-5842-40BD-BF6F-182117219756}.Release|Any CPU.Build.0 = Release|Any CPU
		{257766FC-390F-46C1-B06B-B03BBB476CC6}.Debug|Any CPU.ActiveCfg = Debug|Any CPU
		{257766FC-390F-46C1-B06B-B03BBB476CC6}.Debug|Any CPU.Build.0 = Debug|Any CPU
		{257766FC-390F-46C1-B06B-B03BBB476CC6}.Release|Any CPU.ActiveCfg = Release|Any CPU
		{257766FC-390F-46C1-B06B-B03BBB476CC6}.Release|Any CPU.Build.0 = Release|Any CPU
		{C30EE3ED-3D89-4F62-9ECF-40F609677633}.Debug|Any CPU.ActiveCfg = Debug|Any CPU
		{C30EE3ED-3D89-4F62-9ECF-40F609677633}.Debug|Any CPU.Build.0 = Debug|Any CPU
		{C30EE3ED-3D89-4F62-9ECF-40F609677633}.Release|Any CPU.ActiveCfg = Release|Any CPU
		{C30EE3ED-3D89-4F62-9ECF-40F609677633}.Release|Any CPU.Build.0 = Release|Any CPU
		{7E92B46F-D4DB-44A7-8EA1-C968641636F2}.Debug|Any CPU.ActiveCfg = Debug|Any CPU
		{7E92B46F-D4DB-44A7-8EA1-C968641636F2}.Debug|Any CPU.Build.0 = Debug|Any CPU
		{7E92B46F-D4DB-44A7-8EA1-C968641636F2}.Release|Any CPU.ActiveCfg = Release|Any CPU
		{7E92B46F-D4DB-44A7-8EA1-C968641636F2}.Release|Any CPU.Build.0 = Release|Any CPU
		{20BB27CA-C1C3-4F39-9E3C-08DCB6D6FB91}.Debug|Any CPU.ActiveCfg = Debug|Any CPU
		{20BB27CA-C1C3-4F39-9E3C-08DCB6D6FB91}.Debug|Any CPU.Build.0 = Debug|Any CPU
		{20BB27CA-C1C3-4F39-9E3C-08DCB6D6FB91}.Release|Any CPU.ActiveCfg = Release|Any CPU
		{20BB27CA-C1C3-4F39-9E3C-08DCB6D6FB91}.Release|Any CPU.Build.0 = Release|Any CPU
	EndGlobalSection
	GlobalSection(SolutionProperties) = preSolution
		HideSolutionNode = FALSE
	EndGlobalSection
	GlobalSection(NestedProjects) = preSolution
		{45DBC3C4-6B79-499E-9758-692405A99ED9} = {EBB1668E-6843-412E-BDBB-DF00AA57D792}
		{4C684977-5842-40BD-BF6F-182117219756} = {EBB1668E-6843-412E-BDBB-DF00AA57D792}
		{257766FC-390F-46C1-B06B-B03BBB476CC6} = {EBB1668E-6843-412E-BDBB-DF00AA57D792}
		{C30EE3ED-3D89-4F62-9ECF-40F609677633} = {EBB1668E-6843-412E-BDBB-DF00AA57D792}
		{7E92B46F-D4DB-44A7-8EA1-C968641636F2} = {EBB1668E-6843-412E-BDBB-DF00AA57D792}
		{20BB27CA-C1C3-4F39-9E3C-08DCB6D6FB91} = {228E9922-13B8-4189-95DA-FA924C1BC83D}
	EndGlobalSection
	GlobalSection(ExtensibilityGlobals) = postSolution
		SolutionGuid = {13B20C55-3ADB-4744-A44B-298A1E8EBD8B}
	EndGlobalSection
EndGlobal
